{
  "name": "oj-client",
  "version": "0.0.0",
  "lockfileVersion": 1,
  "requires": true,
  "dependencies": {
    "@angular/cli": {
      "version": "1.0.1",
      "resolved": "https://registry.npmjs.org/@angular/cli/-/cli-1.0.1.tgz",
      "integrity": "sha1-lbweAsVk/yvdx8bZdf3zVbRyFss=",
      "dev": true,
      "dependencies": {
        "diff": {
          "version": "3.2.0",
          "resolved": "https://registry.npmjs.org/diff/-/diff-3.2.0.tgz",
          "integrity": "sha1-yc45Okt8vQsFinJck98pkCeGj/k="
        }
      }
    },
    "@angular/common": {
      "version": "4.2.4",
      "resolved": "https://registry.npmjs.org/@angular/common/-/common-4.2.4.tgz",
      "integrity": "sha1-m37g5pKrAxkafNmvMx0PSS087+s="
    },
    "@angular/compiler": {
      "version": "4.2.4",
      "resolved": "https://registry.npmjs.org/@angular/compiler/-/compiler-4.2.4.tgz",
      "integrity": "sha1-eTaoey1IOrzvhAuGjB/PZyIcSRQ="
    },
    "@angular/compiler-cli": {
      "version": "4.2.4",
      "resolved": "https://registry.npmjs.org/@angular/compiler-cli/-/compiler-cli-4.2.4.tgz",
      "integrity": "sha1-zOlBooNi/BwEKrhYkPyqseIz3Vc=",
      "dev": true,
      "dependencies": {
        "@angular/tsc-wrapped": {
          "version": "4.2.4",
          "resolved": "https://registry.npmjs.org/@angular/tsc-wrapped/-/tsc-wrapped-4.2.4.tgz",
          "integrity": "sha1-lW/xTM8gQyQ7DMgjNrIh2+YxWu8="
        },
        "tsickle": {
          "version": "0.21.6",
          "resolved": "https://registry.npmjs.org/tsickle/-/tsickle-0.21.6.tgz",
          "integrity": "sha1-U7Abl5xcE/2xOvs/uVgXflmRWI0="
        }
      }
    },
    "@angular/core": {
      "version": "4.2.4",
      "resolved": "https://registry.npmjs.org/@angular/core/-/core-4.2.4.tgz",
      "integrity": "sha1-6N96jdXeWjJ3hN/DW12mNEKBzxs="
    },
    "@angular/forms": {
      "version": "4.2.4",
      "resolved": "https://registry.npmjs.org/@angular/forms/-/forms-4.2.4.tgz",
      "integrity": "sha1-rgl1UzLqRj9WHfAarCvTaeXTXck="
    },
    "@angular/http": {
      "version": "4.2.4",
      "resolved": "https://registry.npmjs.org/@angular/http/-/http-4.2.4.tgz",
      "integrity": "sha1-7QOcDVOlh9JFdfTKv9Hbjn8eP4s="
    },
    "@angular/platform-browser": {
      "version": "4.2.4",
      "resolved": "https://registry.npmjs.org/@angular/platform-browser/-/platform-browser-4.2.4.tgz",
      "integrity": "sha1-AKRNyy/Xd7VLwXwc5zSqGP6f0Dk="
    },
    "@angular/platform-browser-dynamic": {
      "version": "4.2.4",
      "resolved": "https://registry.npmjs.org/@angular/platform-browser-dynamic/-/platform-browser-dynamic-4.2.4.tgz",
      "integrity": "sha1-UZD9p5QlrkmkkiSYVhTJeAo3B2E="
    },
    "@angular/router": {
      "version": "4.2.4",
      "resolved": "https://registry.npmjs.org/@angular/router/-/router-4.2.4.tgz",
      "integrity": "sha1-Lxk/OjbaGbEaCMm0Djkb2P3lnFY="
    },
    "@types/jasmine": {
      "version": "2.5.38",
      "resolved": "https://registry.npmjs.org/@types/jasmine/-/jasmine-2.5.38.tgz",
      "integrity": "sha1-pDeRJMSSHU4h3lTsdGacnps1Zxc=",
      "dev": true
    },
    "@types/node": {
      "version": "6.0.78",
      "resolved": "https://registry.npmjs.org/@types/node/-/node-6.0.78.tgz",
      "integrity": "sha512-+vD6E8ixntRzzZukoF3uP1iV+ZjVN3koTcaeK+BEoc/kSfGbLDIGC7RmCaUgVpUfN6cWvfczFRERCyKM9mkvXg==",
      "dev": true
    },
    "ace-builds": {
      "version": "1.2.6",
      "resolved": "https://registry.npmjs.org/ace-builds/-/ace-builds-1.2.6.tgz",
      "integrity": "sha1-qSM8J8N7hJTyCvhJF+4WGUia9Ck="
    },
    "angular2-jwt": {
      "version": "0.2.3",
      "resolved": "https://registry.npmjs.org/angular2-jwt/-/angular2-jwt-0.2.3.tgz",
      "integrity": "sha1-VO/do87tuoX2o3sWXyKsIrit8CE="
    },
    "bootstrap": {
      "version": "3.3.7",
      "resolved": "https://registry.npmjs.org/bootstrap/-/bootstrap-3.3.7.tgz",
      "integrity": "sha1-WjiTlFSfIzMIdaOxUGVldPip63E="
    },
    "codelyzer": {
      "version": "2.0.1",
      "resolved": "https://registry.npmjs.org/codelyzer/-/codelyzer-2.0.1.tgz",
      "integrity": "sha1-0PcSH2eoQkyS0h07MfNkC4Pe+e0=",
      "dev": true
    },
    "core-js": {
      "version": "2.4.1",
      "resolved": "https://registry.npmjs.org/core-js/-/core-js-2.4.1.tgz",
      "integrity": "sha1-TekR5mew6ukSTjQlS1OupvxhjT4="
    },
    "jasmine-core": {
      "version": "2.5.2",
      "resolved": "https://registry.npmjs.org/jasmine-core/-/jasmine-core-2.5.2.tgz",
      "integrity": "sha1-b2G9eQYeJ/Q+b5NV5Es8bKtv8pc=",
      "dev": true
    },
    "jasmine-spec-reporter": {
      "version": "3.2.0",
      "resolved": "https://registry.npmjs.org/jasmine-spec-reporter/-/jasmine-spec-reporter-3.2.0.tgz",
      "integrity": "sha1-/b6FqAzN07J2dGvHf96Dwc53Pv8=",
      "dev": true
    },
    "jquery": {
      "version": "3.5.0",
      "resolved": "https://registry.npmjs.org/jquery/-/jquery-3.5.0.tgz",
      "integrity": "sha512-Xb7SVYMvygPxbFMpTFQiHh1J7HClEaThguL15N/Gg37Lri/qKyhRGZYzHRyLH8Stq3Aow0LsHO2O2ci86fCrNQ=="
    },
    "karma": {
      "version": "1.4.1",
      "resolved": "https://registry.npmjs.org/karma/-/karma-1.4.1.tgz",
      "integrity": "sha1-QZgacdVCN2BrCj6oxYyQdz9BZQ4=",
      "dev": true,
      "dependencies": {
        "after": {
          "version": "0.8.2",
          "resolved": "https://registry.npmjs.org/after/-/after-0.8.2.tgz",
          "integrity": "sha1-/ts5T58OAqqXaOcCvaI7UF+ufh8="
        },
        "base64-arraybuffer": {
          "version": "0.1.5",
          "resolved": "https://registry.npmjs.org/base64-arraybuffer/-/base64-arraybuffer-0.1.5.tgz",
          "integrity": "sha1-c5JncZI7Whl0etZmqlzUv5xunOg="
        },
        "base64id": {
          "version": "1.0.0",
          "resolved": "https://registry.npmjs.org/base64id/-/base64id-1.0.0.tgz",
          "integrity": "sha1-R2iMuZu2gE8OBtPnY7HDLlfY5rY="
        },
        "debug": {
          "version": "2.3.3",
          "resolved": "https://registry.npmjs.org/debug/-/debug-2.3.3.tgz",
          "integrity": "sha1-QMRT5n5uE8kB3ewxeviYbNqe/4w="
        },
        "engine.io": {
          "version": "1.8.2",
          "resolved": "https://registry.npmjs.org/engine.io/-/engine.io-1.8.2.tgz",
          "integrity": "sha1-a1m+cws0jAElsKRYneHDVavPen4="
        },
        "engine.io-client": {
          "version": "1.8.2",
          "resolved": "https://registry.npmjs.org/engine.io-client/-/engine.io-client-1.8.2.tgz",
          "integrity": "sha1-w4dnVH8qfRhPV1L28K1QEAZwN2Y=",
          "dependencies": {
            "component-emitter": {
              "version": "1.2.1",
              "resolved": "https://registry.npmjs.org/component-emitter/-/component-emitter-1.2.1.tgz",
              "integrity": "sha1-E3kY1teCg/ffemt8WmPhQOaUJeY="
            }
          }
        },
        "engine.io-parser": {
          "version": "1.3.2",
          "resolved": "https://registry.npmjs.org/engine.io-parser/-/engine.io-parser-1.3.2.tgz",
          "integrity": "sha1-k3sHnwAH0Ik+xW1GyyILjLQ1Igo="
        },
        "isarray": {
          "version": "0.0.1",
          "resolved": "https://registry.npmjs.org/isarray/-/isarray-0.0.1.tgz",
          "integrity": "sha1-ihis/Kmo9Bd+Cav8YDiTmwXR7t8="
        },
        "lodash": {
          "version": "3.10.1",
          "resolved": "https://registry.npmjs.org/lodash/-/lodash-3.10.1.tgz",
          "integrity": "sha1-W/Rejkm6QYnhfUgnid/RW9FAt7Y="
        },
        "ms": {
          "version": "0.7.2",
          "resolved": "https://registry.npmjs.org/ms/-/ms-0.7.2.tgz",
          "integrity": "sha1-riXPJRKziFodldfwN4aNhDESR2U="
        },
        "object-assign": {
          "version": "4.1.0",
          "resolved": "https://registry.npmjs.org/object-assign/-/object-assign-4.1.0.tgz",
          "integrity": "sha1-ejs9DpgGPUP0wD8uiubNUahog6A="
        },
        "parsejson": {
          "version": "0.0.3",
          "resolved": "https://registry.npmjs.org/parsejson/-/parsejson-0.0.3.tgz",
          "integrity": "sha1-q343WfIJ7OmUN5c/fQ8fZK4OZKs="
        },
        "parseqs": {
          "version": "0.0.5",
          "resolved": "https://registry.npmjs.org/parseqs/-/parseqs-0.0.5.tgz",
          "integrity": "sha1-1SCKNzjkZ2bikbouoXNoSSGouJ0="
        },
        "parseuri": {
          "version": "0.0.5",
          "resolved": "https://registry.npmjs.org/parseuri/-/parseuri-0.0.5.tgz",
          "integrity": "sha1-gCBKUNTbt3m/3G6+J3jZDkvOMgo="
        },
        "socket.io": {
          "version": "1.7.2",
          "resolved": "https://registry.npmjs.org/socket.io/-/socket.io-1.7.2.tgz",
          "integrity": "sha1-g7u98ueSY7N4kA2kA+eEPgXcO3E="
        },
        "socket.io-adapter": {
          "version": "0.5.0",
          "resolved": "https://registry.npmjs.org/socket.io-adapter/-/socket.io-adapter-0.5.0.tgz",
          "integrity": "sha1-y21LuL7IHhB4uZZ3+c7QBGBmu4s="
        },
        "socket.io-client": {
          "version": "1.7.2",
          "resolved": "https://registry.npmjs.org/socket.io-client/-/socket.io-client-1.7.2.tgz",
          "integrity": "sha1-Of2ww91FDjIbfkDP2DYS7FM91kQ=",
          "dependencies": {
            "component-emitter": {
              "version": "1.2.1",
              "resolved": "https://registry.npmjs.org/component-emitter/-/component-emitter-1.2.1.tgz",
              "integrity": "sha1-E3kY1teCg/ffemt8WmPhQOaUJeY="
            }
          }
        },
        "socket.io-parser": {
          "version": "2.3.1",
          "resolved": "https://registry.npmjs.org/socket.io-parser/-/socket.io-parser-2.3.1.tgz",
          "integrity": "sha1-3VMgJRA85Clpcya+/WQAX8/ltKA=",
          "dependencies": {
            "debug": {
              "version": "2.2.0",
              "resolved": "https://registry.npmjs.org/debug/-/debug-2.2.0.tgz",
              "integrity": "sha1-+HBX6ZWxofauaklgZkE3vFbwOdo="
            },
            "ms": {
              "version": "0.7.1",
              "resolved": "https://registry.npmjs.org/ms/-/ms-0.7.1.tgz",
              "integrity": "sha1-nNE8A62/8ltl7/3nzoZO6VIBcJg="
            }
          }
        },
        "ws": {
          "version": "1.1.1",
          "resolved": "https://registry.npmjs.org/ws/-/ws-1.1.1.tgz",
          "integrity": "sha1-CC3bbGQehdS7RR8D1S8G6r2x8Bg="
        },
        "xmlhttprequest-ssl": {
          "version": "1.5.3",
          "resolved": "https://registry.npmjs.org/xmlhttprequest-ssl/-/xmlhttprequest-ssl-1.5.3.tgz",
          "integrity": "sha1-GFqIjATspGw+QHDZn3tJ3jUomS0="
        }
      }
    },
    "karma-chrome-launcher": {
      "version": "2.0.0",
      "resolved": "https://registry.npmjs.org/karma-chrome-launcher/-/karma-chrome-launcher-2.0.0.tgz",
      "integrity": "sha1-wnkMWjKxVXfQ//Wk1aJwOztDnCU=",
      "dev": true
    },
    "karma-cli": {
      "version": "1.0.1",
      "resolved": "https://registry.npmjs.org/karma-cli/-/karma-cli-1.0.1.tgz",
      "integrity": "sha1-rmw8WKMTodALRRZMRVubhs4X+WA=",
      "dev": true
    },
    "karma-coverage-istanbul-reporter": {
      "version": "0.2.3",
      "resolved": "https://registry.npmjs.org/karma-coverage-istanbul-reporter/-/karma-coverage-istanbul-reporter-0.2.3.tgz",
      "integrity": "sha1-EfG+nPqTdVp3usOasW4xWnEAtcU=",
      "dev": true
    },
    "karma-jasmine": {
      "version": "1.1.0",
      "resolved": "https://registry.npmjs.org/karma-jasmine/-/karma-jasmine-1.1.0.tgz",
      "integrity": "sha1-IuTAa/mhguUpTR9wXjczgRuBCs8=",
      "dev": true
    },
    "karma-jasmine-html-reporter": {
      "version": "0.2.2",
      "resolved": "https://registry.npmjs.org/karma-jasmine-html-reporter/-/karma-jasmine-html-reporter-0.2.2.tgz",
      "integrity": "sha1-SKjl7xiAdhfuK14zwRlMNbQ5Ukw=",
      "dev": true
    },
    "protractor": {
      "version": "5.1.2",
      "resolved": "https://registry.npmjs.org/protractor/-/protractor-5.1.2.tgz",
      "integrity": "sha1-myIXQXCaTGLVzVPGqt1UpxE36V8=",
      "dev": true,
      "dependencies": {
        "@types/selenium-webdriver": {
          "version": "2.53.42",
          "resolved": "https://registry.npmjs.org/@types/selenium-webdriver/-/selenium-webdriver-2.53.42.tgz",
          "integrity": "sha1-dMt3+2BS7a/yqJhN2v2I1BnyXKw="
        },
        "jasmine": {
          "version": "2.6.0",
          "resolved": "https://registry.npmjs.org/jasmine/-/jasmine-2.6.0.tgz",
          "integrity": "sha1-ayLnCIPo5YnUVjRhU7TSBt2+IX8="
        },
        "jasmine-core": {
          "version": "2.6.4",
          "resolved": "https://registry.npmjs.org/jasmine-core/-/jasmine-core-2.6.4.tgz",
          "integrity": "sha1-3skmzQqfoof7bbXHVfpIfnTOysU="
        },
        "jasminewd2": {
          "version": "2.1.0",
          "resolved": "https://registry.npmjs.org/jasminewd2/-/jasminewd2-2.1.0.tgz",
          "integrity": "sha1-2llSddGuYx3nNqwKfH2Fyfc+9lI="
        },
        "q": {
          "version": "1.4.1",
          "resolved": "https://registry.npmjs.org/q/-/q-1.4.1.tgz",
          "integrity": "sha1-VXBbzZPF82c1MMLCy8DCs63cKG4="
        },
        "selenium-webdriver": {
          "version": "3.0.1",
          "resolved": "https://registry.npmjs.org/selenium-webdriver/-/selenium-webdriver-3.0.1.tgz",
          "integrity": "sha1-ot6l2kqX9mcuiefKcnbO+jZRR6c="
        },
        "tmp": {
          "version": "0.0.30",
          "resolved": "https://registry.npmjs.org/tmp/-/tmp-0.0.30.tgz",
          "integrity": "sha1-ckGdSovn1s51FI/YsyTlk6cRwu0="
        },
        "webdriver-manager": {
          "version": "12.0.6",
          "resolved": "https://registry.npmjs.org/webdriver-manager/-/webdriver-manager-12.0.6.tgz",
          "integrity": "sha1-PfGkgZdwELTL+MnYXHpXeCjA5ws="
        },
        "xml2js": {
          "version": "0.4.17",
          "resolved": "https://registry.npmjs.org/xml2js/-/xml2js-0.4.17.tgz",
          "integrity": "sha1-F76T6q4/O3eTWceVtBlwWogX6Gg="
        },
        "xmlbuilder": {
          "version": "4.2.1",
          "resolved": "https://registry.npmjs.org/xmlbuilder/-/xmlbuilder-4.2.1.tgz",
          "integrity": "sha1-qlijBBoGb5DqoWwvU4n/GfP0YaU="
        }
      }
    },
    "rxjs": {
      "version": "5.4.1",
      "resolved": "https://registry.npmjs.org/rxjs/-/rxjs-5.4.1.tgz",
      "integrity": "sha1-ti91fyeURdJloYpY+wpw3JDpFiY="
    },
    "ts-node": {
      "version": "2.0.0",
      "resolved": "https://registry.npmjs.org/ts-node/-/ts-node-2.0.0.tgz",
      "integrity": "sha1-FuT+zJSQiCOLTL8cOclYJSa2b3Q=",
      "dev": true,
      "dependencies": {
        "diff": {
          "version": "3.2.0",
          "resolved": "https://registry.npmjs.org/diff/-/diff-3.2.0.tgz",
          "integrity": "sha1-yc45Okt8vQsFinJck98pkCeGj/k="
        }
      }
    },
    "tslint": {
      "version": "4.5.1",
      "resolved": "https://registry.npmjs.org/tslint/-/tslint-4.5.1.tgz",
      "integrity": "sha1-BTVocb7yOkNJBnNABvwYgza6gks=",
      "dev": true,
      "dependencies": {
        "diff": {
          "version": "3.2.0",
          "resolved": "https://registry.npmjs.org/diff/-/diff-3.2.0.tgz",
          "integrity": "sha1-yc45Okt8vQsFinJck98pkCeGj/k="
        }
      }
    },
    "typescript": {
      "version": "2.2.2",
      "resolved": "https://registry.npmjs.org/typescript/-/typescript-2.2.2.tgz",
      "integrity": "sha1-YGAiUIR5tV/6NotY/uljoD39eww=",
      "dev": true
    },
    "zone.js": {
      "version": "0.8.12",
      "resolved": "https://registry.npmjs.org/zone.js/-/zone.js-0.8.12.tgz",
      "integrity": "sha1-hv9QU8mK7CkaC/S7rFAdaUoFz7s="
    }
  }
}
